
Microsoft Visual Studio Solution File, Format Version 12.00
# Visual Studio 2015
Project("{FAE04EC0-301F-11D3-BF4B-00C04F79EFBC}") = "SsoFi-6a63bac249be33eac9ddfee53dbe7c2f3e65b5c0", "SsoFi-6a63bac249be33eac9ddfee53dbe7c2f3e65b5c0.csproj", "{C9D143E6-2128-2997-319C-173C56378753}"
EndProject
Project("{FAE04EC0-301F-11D3-BF4B-00C04F79EFBC}") = "SsoFi-6a63bac249be33eac9ddfee53dbe7c2f3e65b5c0.Editor", "SsoFi-6a63bac249be33eac9ddfee53dbe7c2f3e65b5c0.Editor.csproj", "{905D1C11-D565-7012-2CE9-6E62D8B39360}"
EndProject
Global
	GlobalSection(SolutionConfigurationPlatforms) = preSolution
		Debug|Any CPU = Debug|Any CPU
		Release|Any CPU = Release|Any CPU
	EndGlobalSection
	GlobalSection(ProjectConfigurationPlatforms) = postSolution
		{C9D143E6-2128-2997-319C-173C56378753}.Debug|Any CPU.ActiveCfg = Debug|Any CPU
		{C9D143E6-2128-2997-319C-173C56378753}.Debug|Any CPU.Build.0 = Debug|Any CPU
		{C9D143E6-2128-2997-319C-173C56378753}.Release|Any CPU.ActiveCfg = Release|Any CPU
		{C9D143E6-2128-2997-319C-173C56378753}.Release|Any CPU.Build.0 = Release|Any CPU
		{905D1C11-D565-7012-2CE9-6E62D8B39360}.Debug|Any CPU.ActiveCfg = Debug|Any CPU
		{905D1C11-D565-7012-2CE9-6E62D8B39360}.Debug|Any CPU.Build.0 = Debug|Any CPU
		{905D1C11-D565-7012-2CE9-6E62D8B39360}.Release|Any CPU.ActiveCfg = Release|Any CPU
		{905D1C11-D565-7012-2CE9-6E62D8B39360}.Release|Any CPU.Build.0 = Release|Any CPU
	EndGlobalSection
	GlobalSection(SolutionProperties) = preSolution
		HideSolutionNode = FALSE
	EndGlobalSection
EndGlobal
